
Microsoft Visual Studio Solution File, Format Version 12.00
# Visual Studio Version 16
VisualStudioVersion = 16.0.30204.135
MinimumVisualStudioVersion = 10.0.40219.1
Project("{FAE04EC0-301F-11D3-BF4B-00C04F79EFBC}") = "BlindLowVisionProject", "BlindLowVisionProject.csproj", "{39D33B2E-FA35-448C-8D29-BDD7183C76EC}"
EndProject
Global
	GlobalSection(SolutionConfigurationPlatforms) = preSolution
		Debug|Any CPU = Debug|Any CPU
		Release|Any CPU = Release|Any CPU
	EndGlobalSection
	GlobalSection(ProjectConfigurationPlatforms) = postSolution
		{39D33B2E-FA35-448C-8D29-BDD7183C76EC}.Debug|Any CPU.ActiveCfg = Debug|Any CPU
		{39D33B2E-FA35-448C-8D29-BDD7183C76EC}.Debug|Any CPU.Build.0 = Debug|Any CPU
		{39D33B2E-FA35-448C-8D29-BDD7183C76EC}.Release|Any CPU.ActiveCfg = Release|Any CPU
		{39D33B2E-FA35-448C-8D29-BDD7183C76EC}.Release|Any CPU.Build.0 = Release|Any CPU
	EndGlobalSection
	GlobalSection(SolutionProperties) = preSolution
		HideSolutionNode = FALSE
	EndGlobalSection
	GlobalSection(ExtensibilityGlobals) = postSolution
		SolutionGuid = {850CDA16-AEE6-44FF-971B-1D37C231330C}
	EndGlobalSection
EndGlobal
